// !$*UTF8*$!
{
	archiveVersion = 1;
	classes = {
	};
	objectVersion = 50;
	objects = {

/* Begin PBXBuildFile section */
		4D00CAA321FF3114004BA23D /* AppDelegate.swift in Sources */ = {isa = PBXBuildFile; fileRef = 4D00CAA221FF3114004BA23D /* AppDelegate.swift */; };
		4D00CAA521FF3114004BA23D /* ViewController.swift in Sources */ = {isa = PBXBuildFile; fileRef = 4D00CAA421FF3114004BA23D /* ViewController.swift */; };
		4D00CAA821FF3114004BA23D /* Main.storyboard in Resources */ = {isa = PBXBuildFile; fileRef = 4D00CAA621FF3114004BA23D /* Main.storyboard */; };
		4D00CAAA21FF3118004BA23D /* Assets.xcassets in Resources */ = {isa = PBXBuildFile; fileRef = 4D00CAA921FF3118004BA23D /* Assets.xcassets */; };
		4D00CAAD21FF3118004BA23D /* LaunchScreen.storyboard in Resources */ = {isa = PBXBuildFile; fileRef = 4D00CAAB21FF3118004BA23D /* LaunchScreen.storyboard */; };
		4D00CAB621FF3283004BA23D /* StepView.swift in Sources */ = {isa = PBXBuildFile; fileRef = 4D00CAB521FF3283004BA23D /* StepView.swift */; };
		4D00CAB821FF5A74004BA23D /* StepsTableViewController.swift in Sources */ = {isa = PBXBuildFile; fileRef = 4D00CAB721FF5A73004BA23D /* StepsTableViewController.swift */; };
		4D00CABA21FF5B84004BA23D /* StepTableViewCell.swift in Sources */ = {isa = PBXBuildFile; fileRef = 4D00CAB921FF5B84004BA23D /* StepTableViewCell.swift */; };
		4D00CABC21FF69C6004BA23D /* step.swift in Sources */ = {isa = PBXBuildFile; fileRef = 4D00CABB21FF69C6004BA23D /* step.swift */; };
		4D00CABE2200CA30004BA23D /* GoalReachedStar.swift in Sources */ = {isa = PBXBuildFile; fileRef = 4D00CABD2200CA30004BA23D /* GoalReachedStar.swift */; };
/* End PBXBuildFile section */

/* Begin PBXFileReference section */
		4D00CA9F21FF3114004BA23D /* test.app */ = {isa = PBXFileReference; explicitFileType = wrapper.application; includeInIndex = 0; path = test.app; sourceTree = BUILT_PRODUCTS_DIR; };
		4D00CAA221FF3114004BA23D /* AppDelegate.swift */ = {isa = PBXFileReference; lastKnownFileType = sourcecode.swift; path = AppDelegate.swift; sourceTree = "<group>"; };
		4D00CAA421FF3114004BA23D /* ViewController.swift */ = {isa = PBXFileReference; lastKnownFileType = sourcecode.swift; path = ViewController.swift; sourceTree = "<group>"; };
		4D00CAA721FF3114004BA23D /* Base */ = {isa = PBXFileReference; lastKnownFileType = file.storyboard; name = Base; path = Base.lproj/Main.storyboard; sourceTree = "<group>"; };
		4D00CAA921FF3118004BA23D /* Assets.xcassets */ = {isa = PBXFileReference; lastKnownFileType = folder.assetcatalog; path = Assets.xcassets; sourceTree = "<group>"; };
		4D00CAAC21FF3118004BA23D /* Base */ = {isa = PBXFileReference; lastKnownFileType = file.storyboard; name = Base; path = Base.lproj/LaunchScreen.storyboard; sourceTree = "<group>"; };
		4D00CAAE21FF3118004BA23D /* Info.plist */ = {isa = PBXFileReference; lastKnownFileType = text.plist.xml; path = Info.plist; sourceTree = "<group>"; };
		4D00CAB521FF3283004BA23D /* StepView.swift */ = {isa = PBXFileReference; lastKnownFileType = sourcecode.swift; path = StepView.swift; sourceTree = "<group>"; };
		4D00CAB721FF5A73004BA23D /* StepsTableViewController.swift */ = {isa = PBXFileReference; lastKnownFileType = sourcecode.swift; path = StepsTableViewController.swift; sourceTree = "<group>"; };
		4D00CAB921FF5B84004BA23D /* StepTableViewCell.swift */ = {isa = PBXFileReference; lastKnownFileType = sourcecode.swift; path = StepTableViewCell.swift; sourceTree = "<group>"; };
		4D00CABB21FF69C6004BA23D /* step.swift */ = {isa = PBXFileReference; lastKnownFileType = sourcecode.swift; path = step.swift; sourceTree = "<group>"; };
		4D00CABD2200CA30004BA23D /* GoalReachedStar.swift */ = {isa = PBXFileReference; lastKnownFileType = sourcecode.swift; path = GoalReachedStar.swift; sourceTree = "<group>"; };
/* End PBXFileReference section */

/* Begin PBXFrameworksBuildPhase section */
		4D00CA9C21FF3114004BA23D /* Frameworks */ = {
			isa = PBXFrameworksBuildPhase;
			buildActionMask = 2147483647;
			files = (
			);
			runOnlyForDeploymentPostprocessing = 0;
		};
/* End PBXFrameworksBuildPhase section */

/* Begin PBXGroup section */
		4D00CA9621FF3114004BA23D = {
			isa = PBXGroup;
			children = (
				4D00CAA121FF3114004BA23D /* test */,
				4D00CAA021FF3114004BA23D /* Products */,
			);
			sourceTree = "<group>";
		};
		4D00CAA021FF3114004BA23D /* Products */ = {
			isa = PBXGroup;
			children = (
				4D00CA9F21FF3114004BA23D /* test.app */,
			);
			name = Products;
			sourceTree = "<group>";
		};
		4D00CAA121FF3114004BA23D /* test */ = {
			isa = PBXGroup;
			children = (
				4D00CAA221FF3114004BA23D /* AppDelegate.swift */,
				4D00CAA421FF3114004BA23D /* ViewController.swift */,
				4D00CAB521FF3283004BA23D /* StepView.swift */,
				4D00CAA621FF3114004BA23D /* Main.storyboard */,
				4D00CAB721FF5A73004BA23D /* StepsTableViewController.swift */,
				4D00CABD2200CA30004BA23D /* GoalReachedStar.swift */,
				4D00CABB21FF69C6004BA23D /* step.swift */,
				4D00CAB921FF5B84004BA23D /* StepTableViewCell.swift */,
				4D00CAB421FF312F004BA23D /* SupportingFiles */,
			);
			path = test;
			sourceTree = "<group>";
		};
		4D00CAB421FF312F004BA23D /* SupportingFiles */ = {
			isa = PBXGroup;
			children = (
				4D00CAA921FF3118004BA23D /* Assets.xcassets */,
				4D00CAAB21FF3118004BA23D /* LaunchScreen.storyboard */,
				4D00CAAE21FF3118004BA23D /* Info.plist */,
			);
			path = SupportingFiles;
			sourceTree = "<group>";
		};
/* End PBXGroup section */

/* Begin PBXNativeTarget section */
		4D00CA9E21FF3114004BA23D /* test */ = {
			isa = PBXNativeTarget;
			buildConfigurationList = 4D00CAB121FF3118004BA23D /* Build configuration list for PBXNativeTarget "test" */;
			buildPhases = (
				4D00CA9B21FF3114004BA23D /* Sources */,
				4D00CA9C21FF3114004BA23D /* Frameworks */,
				4D00CA9D21FF3114004BA23D /* Resources */,
			);
			buildRules = (
			);
			dependencies = (
			);
			name = test;
			productName = test;
			productReference = 4D00CA9F21FF3114004BA23D /* test.app */;
			productType = "com.apple.product-type.application";
		};
/* End PBXNativeTarget section */

/* Begin PBXProject section */
		4D00CA9721FF3114004BA23D /* Project object */ = {
			isa = PBXProject;
			attributes = {
				LastSwiftUpdateCheck = 1010;
				LastUpgradeCheck = 1010;
				ORGANIZATIONNAME = "Анастасия Латыш";
				TargetAttributes = {
					4D00CA9E21FF3114004BA23D = {
						CreatedOnToolsVersion = 10.1;
					};
				};
			};
			buildConfigurationList = 4D00CA9A21FF3114004BA23D /* Build configuration list for PBXProject "test" */;
			compatibilityVersion = "Xcode 9.3";
			developmentRegion = en;
			hasScannedForEncodings = 0;
			knownRegions = (
				en,
				Base,
			);
			mainGroup = 4D00CA9621FF3114004BA23D;
			productRefGroup = 4D00CAA021FF3114004BA23D /* Products */;
			projectDirPath = "";
			projectRoot = "";
			targets = (
				4D00CA9E21FF3114004BA23D /* test */,
			);
		};
/* End PBXProject section */

/* Begin PBXResourcesBuildPhase section */
		4D00CA9D21FF3114004BA23D /* Resources */ = {
			isa = PBXResourcesBuildPhase;
			buildActionMask = 2147483647;
			files = (
				4D00CAAD21FF3118004BA23D /* LaunchScreen.storyboard in Resources */,
				4D00CAAA21FF3118004BA23D /* Assets.xcassets in Resources */,
				4D00CAA821FF3114004BA23D /* Main.storyboard in Resources */,
			);
			runOnlyForDeploymentPostprocessing = 0;
		};
/* End PBXResourcesBuildPhase section */

/* Begin PBXSourcesBuildPhase section */
		4D00CA9B21FF3114004BA23D /* Sources */ = {
			isa = PBXSourcesBuildPhase;
			buildActionMask = 2147483647;
			files = (
				4D00CAA521FF3114004BA23D /* ViewController.swift in Sources */,
				4D00CAA321FF3114004BA23D /* AppDelegate.swift in Sources */,
				4D00CAB621FF3283004BA23D /* StepView.swift in Sources */,
				4D00CABA21FF5B84004BA23D /* StepTableViewCell.swift in Sources */,
				4D00CABE2200CA30004BA23D /* GoalReachedStar.swift in Sources */,
				4D00CAB821FF5A74004BA23D /* StepsTableViewController.swift in Sources */,
				4D00CABC21FF69C6004BA23D /* step.swift in Sources */,
			);
			runOnlyForDeploymentPostprocessing = 0;
		};
/* End PBXSourcesBuildPhase section */

/* Begin PBXVariantGroup section */
		4D00CAA621FF3114004BA23D /* Main.storyboard */ = {
			isa = PBXVariantGroup;
			children = (
				4D00CAA721FF3114004BA23D /* Base */,
			);
			name = Main.storyboard;
			sourceTree = "<group>";
		};
		4D00CAAB21FF3118004BA23D /* LaunchScreen.storyboard */ = {
			isa = PBXVariantGroup;
			children = (
				4D00CAAC21FF3118004BA23D /* Base */,
			);
			name = LaunchScreen.storyboard;
			sourceTree = "<group>";
		};
/* End PBXVariantGroup section */

/* Begin XCBuildConfiguration section */
		4D00CAAF21FF3118004BA23D /* Debug */ = {
			isa = XCBuildConfiguration;
			buildSettings = {
				ALWAYS_SEARCH_USER_PATHS = NO;
				CLANG_ANALYZER_NONNULL = YES;
				CLANG_ANALYZER_NUMBER_OBJECT_CONVERSION = YES_AGGRESSIVE;
				CLANG_CXX_LANGUAGE_STANDARD = "gnu++14";
				CLANG_CXX_LIBRARY = "libc++";
				CLANG_ENABLE_MODULES = YES;
				CLANG_ENABLE_OBJC_ARC = YES;
				CLANG_ENABLE_OBJC_WEAK = YES;
				CLANG_WARN_BLOCK_CAPTURE_AUTORELEASING = YES;
				CLANG_WARN_BOOL_CONVERSION = YES;
				CLANG_WARN_COMMA = YES;
				CLANG_WARN_CONSTANT_CONVERSION = YES;
				CLANG_WARN_DEPRECATED_OBJC_IMPLEMENTATIONS = YES;
				CLANG_WARN_DIRECT_OBJC_ISA_USAGE = YES_ERROR;
				CLANG_WARN_DOCUMENTATION_COMMENTS = YES;
				CLANG_WARN_EMPTY_BODY = YES;
				CLANG_WARN_ENUM_CONVERSION = YES;
				CLANG_WARN_INFINITE_RECURSION = YES;
				CLANG_WARN_INT_CONVERSION = YES;
				CLANG_WARN_NON_LITERAL_NULL_CONVERSION = YES;
				CLANG_WARN_OBJC_IMPLICIT_RETAIN_SELF = YES;
				CLANG_WARN_OBJC_LITERAL_CONVERSION = YES;
				CLANG_WARN_OBJC_ROOT_CLASS = YES_ERROR;
				CLANG_WARN_RANGE_LOOP_ANALYSIS = YES;
				CLANG_WARN_STRICT_PROTOTYPES = YES;
				CLANG_WARN_SUSPICIOUS_MOVE = YES;
				CLANG_WARN_UNGUARDED_AVAILABILITY = YES_AGGRESSIVE;
				CLANG_WARN_UNREACHABLE_CODE = YES;
				CLANG_WARN__DUPLICATE_METHOD_MATCH = YES;
				CODE_SIGN_IDENTITY = "iPhone Developer";
				COPY_PHASE_STRIP = NO;
				DEBUG_INFORMATION_FORMAT = dwarf;
				ENABLE_STRICT_OBJC_MSGSEND = YES;
				ENABLE_TESTABILITY = YES;
				GCC_C_LANGUAGE_STANDARD = gnu11;
				GCC_DYNAMIC_NO_PIC = NO;
				GCC_NO_COMMON_BLOCKS = YES;
				GCC_OPTIMIZATION_LEVEL = 0;
				GCC_PREPROCESSOR_DEFINITIONS = (
					"DEBUG=1",
					"$(inherited)",
				);
				GCC_WARN_64_TO_32_BIT_CONVERSION = YES;
				GCC_WARN_ABOUT_RETURN_TYPE = YES_ERROR;
				GCC_WARN_UNDECLARED_SELECTOR = YES;
				GCC_WARN_UNINITIALIZED_AUTOS = YES_AGGRESSIVE;
				GCC_WARN_UNUSED_FUNCTION = YES;
				GCC_WARN_UNUSED_VARIABLE = YES;
				IPHONEOS_DEPLOYMENT_TARGET = 12.1;
				MTL_ENABLE_DEBUG_INFO = INCLUDE_SOURCE;
				MTL_FAST_MATH = YES;
				ONLY_ACTIVE_ARCH = YES;
				SDKROOT = iphoneos;
				SWIFT_ACTIVE_COMPILATION_CONDITIONS = DEBUG;
				SWIFT_OPTIMIZATION_LEVEL = "-Onone";
			};
			name = Debug;
		};
		4D00CAB021FF3118004BA23D /* Release */ = {
			isa = XCBuildConfiguration;
			buildSettings = {
				ALWAYS_SEARCH_USER_PATHS = NO;
				CLANG_ANALYZER_NONNULL = YES;
				CLANG_ANALYZER_NUMBER_OBJECT_CONVERSION = YES_AGGRESSIVE;
				CLANG_CXX_LANGUAGE_STANDARD = "gnu++14";
				CLANG_CXX_LIBRARY = "libc++";
				CLANG_ENABLE_MODULES = YES;
				CLANG_ENABLE_OBJC_ARC = YES;
				CLANG_ENABLE_OBJC_WEAK = YES;
				CLANG_WARN_BLOCK_CAPTURE_AUTORELEASING = YES;
				CLANG_WARN_BOOL_CONVERSION = YES;
				CLANG_WARN_COMMA = YES;
				CLANG_WARN_CONSTANT_CONVERSION = YES;
				CLANG_WARN_DEPRECATED_OBJC_IMPLEMENTATIONS = YES;
				CLANG_WARN_DIRECT_OBJC_ISA_USAGE = YES_ERROR;
				CLANG_WARN_DOCUMENTATION_COMMENTS = YES;
				CLANG_WARN_EMPTY_BODY = YES;
				CLANG_WARN_ENUM_CONVERSION = YES;
				CLANG_WARN_INFINITE_RECURSION = YES;
				CLANG_WARN_INT_CONVERSION = YES;
				CLANG_WARN_NON_LITERAL_NULL_CONVERSION = YES;
				CLANG_WARN_OBJC_IMPLICIT_RETAIN_SELF = YES;
				CLANG_WARN_OBJC_LITERAL_CONVERSION = YES;
				CLANG_WARN_OBJC_ROOT_CLASS = YES_ERROR;
				CLANG_WARN_RANGE_LOOP_ANALYSIS = YES;
				CLANG_WARN_STRICT_PROTOTYPES = YES;
				CLANG_WARN_SUSPICIOUS_MOVE = YES;
				CLANG_WARN_UNGUARDED_AVAILABILITY = YES_AGGRESSIVE;
				CLANG_WARN_UNREACHABLE_CODE = YES;
				CLANG_WARN__DUPLICATE_METHOD_MATCH = YES;
				CODE_SIGN_IDENTITY = "iPhone Developer";
				COPY_PHASE_STRIP = NO;
				DEBUG_INFORMATION_FORMAT = "dwarf-with-dsym";
				ENABLE_NS_ASSERTIONS = NO;
				ENABLE_STRICT_OBJC_MSGSEND = YES;
				GCC_C_LANGUAGE_STANDARD = gnu11;
				GCC_NO_COMMON_BLOCKS = YES;
				GCC_WARN_64_TO_32_BIT_CONVERSION = YES;
				GCC_WARN_ABOUT_RETURN_TYPE = YES_ERROR;
				GCC_WARN_UNDECLARED_SELECTOR = YES;
				GCC_WARN_UNINITIALIZED_AUTOS = YES_AGGRESSIVE;
				GCC_WARN_UNUSED_FUNCTION = YES;
				GCC_WARN_UNUSED_VARIABLE = YES;
				IPHONEOS_DEPLOYMENT_TARGET = 12.1;
				MTL_ENABLE_DEBUG_INFO = NO;
				MTL_FAST_MATH = YES;
				SDKROOT = iphoneos;
				SWIFT_COMPILATION_MODE = wholemodule;
				SWIFT_OPTIMIZATION_LEVEL = "-O";
				VALIDATE_PRODUCT = YES;
			};
			name = Release;
		};
		4D00CAB221FF3118004BA23D /* Debug */ = {
			isa = XCBuildConfiguration;
			buildSettings = {
				ASSETCATALOG_COMPILER_APPICON_NAME = AppIcon;
				CODE_SIGN_STYLE = Automatic;
				DEVELOPMENT_TEAM = TLUB9AR22P;
				INFOPLIST_FILE = "$(SRCROOT)/test/SupportingFiles/Info.plist";
				LD_RUNPATH_SEARCH_PATHS = (
					"$(inherited)",
					"@executable_path/Frameworks",
				);
				PRODUCT_BUNDLE_IDENTIFIER = lat.test;
				PRODUCT_NAME = "$(TARGET_NAME)";
				SWIFT_VERSION = 4.2;
				TARGETED_DEVICE_FAMILY = "1,2";
			};
			name = Debug;
		};
		4D00CAB321FF3118004BA23D /* Release */ = {
			isa = XCBuildConfiguration;
			buildSettings = {
				ASSETCATALOG_COMPILER_APPICON_NAME = AppIcon;
				CODE_SIGN_STYLE = Automatic;
				DEVELOPMENT_TEAM = TLUB9AR22P;
				INFOPLIST_FILE = "$(SRCROOT)/test/SupportingFiles/Info.plist";
				LD_RUNPATH_SEARCH_PATHS = (
					"$(inherited)",
					"@executable_path/Frameworks",
				);
				PRODUCT_BUNDLE_IDENTIFIER = lat.test;
				PRODUCT_NAME = "$(TARGET_NAME)";
				SWIFT_VERSION = 4.2;
				TARGETED_DEVICE_FAMILY = "1,2";
			};
			name = Release;
		};
/* End XCBuildConfiguration section */

/* Begin XCConfigurationList section */
		4D00CA9A21FF3114004BA23D /* Build configuration list for PBXProject "test" */ = {
			isa = XCConfigurationList;
			buildConfigurations = (
				4D00CAAF21FF3118004BA23D /* Debug */,
				4D00CAB021FF3118004BA23D /* Release */,
			);
			defaultConfigurationIsVisible = 0;
			defaultConfigurationName = Release;
		};
		4D00CAB121FF3118004BA23D /* Build configuration list for PBXNativeTarget "test" */ = {
			isa = XCConfigurationList;
			buildConfigurations = (
				4D00CAB221FF3118004BA23D /* Debug */,
				4D00CAB321FF3118004BA23D /* Release */,
			);
			defaultConfigurationIsVisible = 0;
			defaultConfigurationName = Release;
		};
/* End XCConfigurationList section */
	};
	rootObject = 4D00CA9721FF3114004BA23D /* Project object */;
}
